<?xml version="1.0" encoding="utf-8"?>
<Project ToolsVersion="4.0" xmlns="http://schemas.microsoft.com/developer/msbuild/2003">
  <ItemGroup>
    <ClCompile Include="source\main.cpp" />
    <ClCompile Include="source\ExNihiloBedrock.cpp" />
    <ClCompile Include="source\items\ENItems.cpp">
      <Filter>items</Filter>
    </ClCompile>
    <ClCompile Include="source\items\ItemResource.cpp">
      <Filter>items</Filter>
    </ClCompile>
    <ClCompile Include="source\items\ItemCookedSilkworm.cpp">
      <Filter>items</Filter>
    </ClCompile>
    <ClCompile Include="source\items\seeds\ItemSeedBase.cpp">
      <Filter>items\seeds</Filter>
    </ClCompile>
    <ClCompile Include="source\util\BlockInfo.cpp">
      <Filter>util</Filter>
    </ClCompile>
    <ClCompile Include="source\util\ItemInfo.cpp">
      <Filter>util</Filter>
    </ClCompile>
    <ClCompile Include="source\util\StringUtils.cpp">
      <Filter>util</Filter>
    </ClCompile>
    <ClCompile Include="source\registries\CrookRegistry.cpp">
      <Filter>registries</Filter>
    </ClCompile>
    <ClCompile Include="source\registries\HammerRegistry.cpp">
      <Filter>registries</Filter>
    </ClCompile>
    <ClCompile Include="source\registries\manager\RegistryManager.cpp">
      <Filter>registries\manager</Filter>
    </ClCompile>
    <ClCompile Include="source\registries\manager\ExNihiloDefaultRecipes.cpp">
      <Filter>registries\manager</Filter>
    </ClCompile>
    <ClCompile Include="source\items\tools\CrookBase.cpp">
      <Filter>items\tools</Filter>
    </ClCompile>
    <ClCompile Include="source\items\tools\HammerBase.cpp">
      <Filter>items\tools</Filter>
    </ClCompile>
    <ClCompile Include="source\items\tools\database\HammerDatabase.cpp">
      <Filter>items\tools\database</Filter>
    </ClCompile>
    <ClCompile Include="source\items\tools\database\CrookDatabase.cpp">
      <Filter>items\tools\database</Filter>
    </ClCompile>
    <ClCompile Include="source\handlers\HandlerHammer.cpp">
      <Filter>handlers</Filter>
    </ClCompile>
    <ClCompile Include="source\handlers\HandlerCrook.cpp">
      <Filter>handlers</Filter>
    </ClCompile>
    <ClCompile Include="source\blocks\BlockBaseFalling.cpp">
      <Filter>blocks</Filter>
    </ClCompile>
    <ClCompile Include="source\blocks\ENBlocks.cpp">
      <Filter>blocks</Filter>
    </ClCompile>
  </ItemGroup>
  <ItemGroup>
    <ClInclude Include="include\minecraft\BlockLegacy.h">
      <Filter>minecraft</Filter>
    </ClInclude>
    <ClInclude Include="include\minecraft\BlockSource.h">
      <Filter>minecraft</Filter>
    </ClInclude>
    <ClInclude Include="include\minecraft\BlockSourceListener.h">
      <Filter>minecraft</Filter>
    </ClInclude>
    <ClInclude Include="include\minecraft\IWorldRegistriesProvider.h">
      <Filter>minecraft</Filter>
    </ClInclude>
    <ClInclude Include="include\minecraft\Level.h">
      <Filter>minecraft</Filter>
    </ClInclude>
    <ClInclude Include="include\minecraft\Random.h">
      <Filter>minecraft</Filter>
    </ClInclude>
    <ClInclude Include="include\minecraft\SharedPtr.h">
      <Filter>minecraft</Filter>
    </ClInclude>
    <ClInclude Include="include\minecraft\VanillaBlockRegistry.h">
      <Filter>minecraft</Filter>
    </ClInclude>
    <ClInclude Include="include\minecraft\VanillaBlockTypeRegistry.h">
      <Filter>minecraft</Filter>
    </ClInclude>
    <ClInclude Include="include\minecraft\ItemRegistry.h">
      <Filter>minecraft</Filter>
    </ClInclude>
    <ClInclude Include="include\minecraft\VanillaItems.h">
      <Filter>minecraft</Filter>
    </ClInclude>
    <ClInclude Include="include\minecraft\CreativeItemCategory.h">
      <Filter>minecraft</Filter>
    </ClInclude>
    <ClInclude Include="include\minecraft\Item.h">
      <Filter>minecraft</Filter>
    </ClInclude>
    <ClInclude Include="include\minecraft\UseAnimation.h">
      <Filter>minecraft</Filter>
    </ClInclude>
    <ClInclude Include="include\minecraft\BlockPos.h">
      <Filter>minecraft</Filter>
    </ClInclude>
    <ClInclude Include="include\minecraft\Vec3.h">
      <Filter>minecraft</Filter>
    </ClInclude>
    <ClInclude Include="include\minecraft\Vec2.h">
      <Filter>minecraft</Filter>
    </ClInclude>
    <ClInclude Include="source\items\ENItems.h">
      <Filter>items</Filter>
    </ClInclude>
    <ClInclude Include="source\items\ItemResource.h">
      <Filter>items</Filter>
    </ClInclude>
    <ClInclude Include="include\minecraft\TextureAtlasItem.h">
      <Filter>minecraft</Filter>
    </ClInclude>
    <ClInclude Include="include\minecraft\TextureUVCoordinateSet.h">
      <Filter>minecraft</Filter>
    </ClInclude>
    <ClInclude Include="include\minecraft\ItemDescriptor.h">
      <Filter>minecraft</Filter>
    </ClInclude>
    <ClInclude Include="include\minecraft\Block.h">
      <Filter>minecraft</Filter>
    </ClInclude>
    <ClInclude Include="include\minecraft\ItemStack.h">
      <Filter>minecraft</Filter>
    </ClInclude>
    <ClInclude Include="include\minecraft\Actor.h">
      <Filter>minecraft</Filter>
    </ClInclude>
    <ClInclude Include="source\items\ItemCookedSilkworm.h">
      <Filter>items</Filter>
    </ClInclude>
    <ClInclude Include="include\minecraft\FoodItemComponent.h">
      <Filter>minecraft</Filter>
    </ClInclude>
    <ClInclude Include="include\minecraft\VanillaBlockStates.h">
      <Filter>minecraft</Filter>
    </ClInclude>
    <ClInclude Include="include\minecraft\BlockPlanterItem.h">
      <Filter>minecraft</Filter>
    </ClInclude>
    <ClInclude Include="include\minecraft\SaplingType.h">
      <Filter>minecraft</Filter>
    </ClInclude>
    <ClInclude Include="source\items\seeds\ItemSeedBase.h">
      <Filter>items\seeds</Filter>
    </ClInclude>
    <ClInclude Include="source\util\BlockInfo.h">
      <Filter>util</Filter>
    </ClInclude>
    <ClInclude Include="source\util\ItemInfo.h">
      <Filter>util</Filter>
    </ClInclude>
    <ClInclude Include="source\util\StringUtils.h">
      <Filter>util</Filter>
    </ClInclude>
    <ClInclude Include="include\minecraft\Util.h">
      <Filter>minecraft</Filter>
    </ClInclude>
    <ClInclude Include="source\registries\CrookRegistry.h">
      <Filter>registries</Filter>
    </ClInclude>
    <ClInclude Include="source\registries\HammerRegistry.h">
      <Filter>registries</Filter>
    </ClInclude>
    <ClInclude Include="source\registries\HammerReward.h">
      <Filter>registries</Filter>
    </ClInclude>
    <ClInclude Include="source\registries\types\CrookReward.h">
      <Filter>registries\types</Filter>
    </ClInclude>
    <ClInclude Include="source\registries\manager\ICrucibleDefaultRegistryProvider.h">
      <Filter>registries\manager</Filter>
    </ClInclude>
    <ClInclude Include="source\registries\manager\IFluidBlockDefaultRegistryProvider.h">
      <Filter>registries\manager</Filter>
    </ClInclude>
    <ClInclude Include="source\registries\manager\IFluidOnTopDefaultRegistryProvider.h">
      <Filter>registries\manager</Filter>
    </ClInclude>
    <ClInclude Include="source\registries\manager\IFluidTransformDefaultRegistryProvider.h">
      <Filter>registries\manager</Filter>
    </ClInclude>
    <ClInclude Include="source\registries\manager\IHammerDefaultRegistryProvider.h">
      <Filter>registries\manager</Filter>
    </ClInclude>
    <ClInclude Include="source\registries\manager\IHeatDefaultRegistryProvider.h">
      <Filter>registries\manager</Filter>
    </ClInclude>
    <ClInclude Include="source\registries\manager\IOreDefaultRegistryProvider.h">
      <Filter>registries\manager</Filter>
    </ClInclude>
    <ClInclude Include="source\registries\manager\ISieveDefaultRegistryProvider.h">
      <Filter>registries\manager</Filter>
    </ClInclude>
    <ClInclude Include="source\registries\manager\RegistryManager.h">
      <Filter>registries\manager</Filter>
    </ClInclude>
    <ClInclude Include="source\registries\manager\ExNihiloDefaultRecipes.h">
      <Filter>registries\manager</Filter>
    </ClInclude>
    <ClInclude Include="source\registries\manager\ICompostDefaultRegistryProvider.h">
      <Filter>registries\manager</Filter>
    </ClInclude>
    <ClInclude Include="source\registries\manager\ICrookDefaultRegistryProvider.h">
      <Filter>registries\manager</Filter>
    </ClInclude>
    <ClInclude Include="source\items\tools\IHammer.h">
      <Filter>items\tools</Filter>
    </ClInclude>
    <ClInclude Include="source\items\tools\CrookBase.h">
      <Filter>items\tools</Filter>
    </ClInclude>
    <ClInclude Include="source\items\tools\HammerBase.h">
      <Filter>items\tools</Filter>
    </ClInclude>
    <ClInclude Include="source\items\tools\database\HammerDatabase.h">
      <Filter>items\tools\database</Filter>
    </ClInclude>
    <ClInclude Include="source\items\tools\database\CrookDatabase.h">
      <Filter>items\tools\database</Filter>
    </ClInclude>
    <ClInclude Include="include\minecraft\DiggerItem.h">
      <Filter>minecraft</Filter>
    </ClInclude>
    <ClInclude Include="include\minecraft\VanillaItemTiers.h">
      <Filter>minecraft</Filter>
    </ClInclude>
    <ClInclude Include="source\handlers\HandlerHammer.h">
      <Filter>handlers</Filter>
    </ClInclude>
    <ClInclude Include="source\handlers\HandlerCrook.h">
      <Filter>handlers</Filter>
    </ClInclude>
    <ClInclude Include="include\minecraft\EnchantUtils.h">
      <Filter>minecraft</Filter>
    </ClInclude>
    <ClInclude Include="include\minecraft\WorldSystems.h">
      <Filter>minecraft</Filter>
    </ClInclude>
    <ClInclude Include="include\minecraft\BlockGraphics.h">
      <Filter>minecraft</Filter>
    </ClInclude>
    <ClInclude Include="include\minecraft\BlockItem.h">
      <Filter>minecraft</Filter>
    </ClInclude>
    <ClInclude Include="include\minecraft\BlockTypeRegistry.h">
      <Filter>minecraft</Filter>
    </ClInclude>
    <ClInclude Include="include\minecraft\HeavyBlock.h">
      <Filter>minecraft</Filter>
    </ClInclude>
    <ClInclude Include="include\minecraft\Color.h">
      <Filter>minecraft</Filter>
    </ClInclude>
    <ClInclude Include="include\minecraft\Version.h">
      <Filter>minecraft</Filter>
    </ClInclude>
    <ClInclude Include="include\minecraft\AABB.h">
      <Filter>minecraft</Filter>
    </ClInclude>
    <ClInclude Include="include\minecraft\BlockState.h">
      <Filter>minecraft</Filter>
    </ClInclude>
    <ClInclude Include="include\minecraft\LootComponent.h">
      <Filter>minecraft</Filter>
    </ClInclude>
    <ClInclude Include="include\minecraft\Mutex.h">
      <Filter>minecraft</Filter>
    </ClInclude>
    <ClInclude Include="include\minecraft\Material.h">
      <Filter>minecraft</Filter>
    </ClInclude>
    <ClInclude Include="source\blocks\BlockBaseFalling.h">
      <Filter>blocks</Filter>
    </ClInclude>
    <ClInclude Include="source\blocks\ENBlocks.h">
      <Filter>blocks</Filter>
    </ClInclude>
    <ClInclude Include="include\minecraft\BlockDefinitionGroup.h">
      <Filter>minecraft</Filter>
    </ClInclude>
  </ItemGroup>
  <ItemGroup>
    <CopyFileToFolders Include="source\modinfo.json" />
  </ItemGroup>
  <ItemGroup>
    <NASM Include="source\init.asm" />
  </ItemGroup>
  <ItemGroup>
    <Filter Include="minecraft">
      <UniqueIdentifier>{2691b4d5-fd00-45fd-b4fd-3f05ffbe1eea}</UniqueIdentifier>
    </Filter>
    <Filter Include="items">
      <UniqueIdentifier>{b91c0f33-0dce-482c-8b63-d63812d49f83}</UniqueIdentifier>
    </Filter>
    <Filter Include="items\seeds">
      <UniqueIdentifier>{8fb10c88-3430-4d89-a10c-080eb0ad2811}</UniqueIdentifier>
    </Filter>
    <Filter Include="util">
      <UniqueIdentifier>{076c6abd-c2e6-4108-87d9-1efdb62b160e}</UniqueIdentifier>
    </Filter>
    <Filter Include="registries">
      <UniqueIdentifier>{11792e83-9d96-451a-957b-22b61f6be114}</UniqueIdentifier>
    </Filter>
    <Filter Include="registries\types">
      <UniqueIdentifier>{87b149ed-d4bb-422f-a2fd-6f6160c95361}</UniqueIdentifier>
    </Filter>
    <Filter Include="registries\manager">
      <UniqueIdentifier>{859bea87-7e4b-4a19-b940-19e92fbcd68d}</UniqueIdentifier>
    </Filter>
    <Filter Include="items\tools">
      <UniqueIdentifier>{985424ac-89bc-40c4-bd02-4d0a59775619}</UniqueIdentifier>
    </Filter>
    <Filter Include="items\tools\database">
      <UniqueIdentifier>{8b11ef12-0a23-43e2-bf93-d8dc2d3b66e3}</UniqueIdentifier>
    </Filter>
    <Filter Include="handlers">
      <UniqueIdentifier>{c657bc96-9f52-41fc-9edb-cdc5baba26c3}</UniqueIdentifier>
    </Filter>
    <Filter Include="blocks">
      <UniqueIdentifier>{13fc8a42-eade-4f9f-96e9-c3027f6e9296}</UniqueIdentifier>
    </Filter>
  </ItemGroup>
</Project>